
Microsoft Visual Studio Solution File, Format Version 12.00
# Visual Studio Version 17
VisualStudioVersion = 17.8.34511.84
MinimumVisualStudioVersion = 10.0.40219.1
Project("{FAE04EC0-301F-11D3-BF4B-00C04F79EFBC}") = "InfoServiceAPI", "InfoServiceAPI.csproj", "{2E2BA147-F387-4CB5-8057-31D6588A2CBC}"
EndProject
Global
	GlobalSection(SolutionConfigurationPlatforms) = preSolution
		Debug|Any CPU = Debug|Any CPU
		Release|Any CPU = Release|Any CPU
	EndGlobalSection
	GlobalSection(ProjectConfigurationPlatforms) = postSolution
		{2E2BA147-F387-4CB5-8057-31D6588A2CBC}.Debug|Any CPU.ActiveCfg = Debug|Any CPU
		{2E2BA147-F387-4CB5-8057-31D6588A2CBC}.Debug|Any CPU.Build.0 = Debug|Any CPU
		{2E2BA147-F387-4CB5-8057-31D6588A2CBC}.Release|Any CPU.ActiveCfg = Release|Any CPU
		{2E2BA147-F387-4CB5-8057-31D6588A2CBC}.Release|Any CPU.Build.0 = Release|Any CPU
	EndGlobalSection
	GlobalSection(SolutionProperties) = preSolution
		HideSolutionNode = FALSE
	EndGlobalSection
	GlobalSection(ExtensibilityGlobals) = postSolution
		SolutionGuid = {98381653-9B6B-4ACB-BAE1-DD7DCF7F5795}
	EndGlobalSection
EndGlobal
